// !$*UTF8*$!
{
	archiveVersion = 1;
	classes = {
	};
	objectVersion = 50;
	objects = {

/* Begin PBXBuildFile section */
		632A4A9C2342951B00552017 /* AppDelegate.swift in Sources */ = {isa = PBXBuildFile; fileRef = 632A4A9B2342951B00552017 /* AppDelegate.swift */; };
		632A4AA12342951B00552017 /* Main.storyboard in Resources */ = {isa = PBXBuildFile; fileRef = 632A4A9F2342951B00552017 /* Main.storyboard */; };
		632A4AA32342951C00552017 /* Assets.xcassets in Resources */ = {isa = PBXBuildFile; fileRef = 632A4AA22342951C00552017 /* Assets.xcassets */; };
		632A4AA62342951C00552017 /* LaunchScreen.storyboard in Resources */ = {isa = PBXBuildFile; fileRef = 632A4AA42342951C00552017 /* LaunchScreen.storyboard */; };
		632A4AB223429F2B00552017 /* UnsplashPhoto.swift in Sources */ = {isa = PBXBuildFile; fileRef = 632A4AB123429F2B00552017 /* UnsplashPhoto.swift */; };
		632A4AB42342AED500552017 /* UnsplashPhotoController.swift in Sources */ = {isa = PBXBuildFile; fileRef = 632A4AB32342AED500552017 /* UnsplashPhotoController.swift */; };
		632A4AB62342AF8F00552017 /* UnsplashRoute.swift in Sources */ = {isa = PBXBuildFile; fileRef = 632A4AB52342AF8F00552017 /* UnsplashRoute.swift */; };
		632A4AB82342C14100552017 /* UnsplashTVC.swift in Sources */ = {isa = PBXBuildFile; fileRef = 632A4AB72342C14100552017 /* UnsplashTVC.swift */; };
/* End PBXBuildFile section */

/* Begin PBXFileReference section */
		632A4A982342951B00552017 /* DummyProjectUnsplash.app */ = {isa = PBXFileReference; explicitFileType = wrapper.application; includeInIndex = 0; path = DummyProjectUnsplash.app; sourceTree = BUILT_PRODUCTS_DIR; };
		632A4A9B2342951B00552017 /* AppDelegate.swift */ = {isa = PBXFileReference; lastKnownFileType = sourcecode.swift; path = AppDelegate.swift; sourceTree = "<group>"; };
		632A4AA02342951B00552017 /* Base */ = {isa = PBXFileReference; lastKnownFileType = file.storyboard; name = Base; path = Base.lproj/Main.storyboard; sourceTree = "<group>"; };
		632A4AA22342951C00552017 /* Assets.xcassets */ = {isa = PBXFileReference; lastKnownFileType = folder.assetcatalog; path = Assets.xcassets; sourceTree = "<group>"; };
		632A4AA52342951C00552017 /* Base */ = {isa = PBXFileReference; lastKnownFileType = file.storyboard; name = Base; path = Base.lproj/LaunchScreen.storyboard; sourceTree = "<group>"; };
		632A4AA72342951C00552017 /* Info.plist */ = {isa = PBXFileReference; lastKnownFileType = text.plist.xml; path = Info.plist; sourceTree = "<group>"; };
		632A4AB123429F2B00552017 /* UnsplashPhoto.swift */ = {isa = PBXFileReference; lastKnownFileType = sourcecode.swift; path = UnsplashPhoto.swift; sourceTree = "<group>"; };
		632A4AB32342AED500552017 /* UnsplashPhotoController.swift */ = {isa = PBXFileReference; lastKnownFileType = sourcecode.swift; path = UnsplashPhotoController.swift; sourceTree = "<group>"; };
		632A4AB52342AF8F00552017 /* UnsplashRoute.swift */ = {isa = PBXFileReference; lastKnownFileType = sourcecode.swift; path = UnsplashRoute.swift; sourceTree = "<group>"; };
		632A4AB72342C14100552017 /* UnsplashTVC.swift */ = {isa = PBXFileReference; lastKnownFileType = sourcecode.swift; path = UnsplashTVC.swift; sourceTree = "<group>"; };
/* End PBXFileReference section */

/* Begin PBXFrameworksBuildPhase section */
		632A4A952342951B00552017 /* Frameworks */ = {
			isa = PBXFrameworksBuildPhase;
			buildActionMask = 2147483647;
			files = (
			);
			runOnlyForDeploymentPostprocessing = 0;
		};
/* End PBXFrameworksBuildPhase section */

/* Begin PBXGroup section */
		632A4A8F2342951B00552017 = {
			isa = PBXGroup;
			children = (
				632A4A9A2342951B00552017 /* DummyProjectUnsplash */,
				632A4A992342951B00552017 /* Products */,
			);
			sourceTree = "<group>";
		};
		632A4A992342951B00552017 /* Products */ = {
			isa = PBXGroup;
			children = (
				632A4A982342951B00552017 /* DummyProjectUnsplash.app */,
			);
			name = Products;
			sourceTree = "<group>";
		};
		632A4A9A2342951B00552017 /* DummyProjectUnsplash */ = {
			isa = PBXGroup;
			children = (
				632A4AB0234295FF00552017 /* ViewControllers */,
				632A4AAF234295B300552017 /* ModelControllers */,
				632A4AAE234295AD00552017 /* Models */,
				632A4AAD2342954500552017 /* Resources */,
				632A4A9F2342951B00552017 /* Main.storyboard */,
			);
			path = DummyProjectUnsplash;
			sourceTree = "<group>";
		};
		632A4AAD2342954500552017 /* Resources */ = {
			isa = PBXGroup;
			children = (
				632A4A9B2342951B00552017 /* AppDelegate.swift */,
				632A4AA22342951C00552017 /* Assets.xcassets */,
				632A4AA42342951C00552017 /* LaunchScreen.storyboard */,
				632A4AA72342951C00552017 /* Info.plist */,
			);
			path = Resources;
			sourceTree = "<group>";
		};
		632A4AAE234295AD00552017 /* Models */ = {
			isa = PBXGroup;
			children = (
				632A4AB123429F2B00552017 /* UnsplashPhoto.swift */,
			);
			path = Models;
			sourceTree = "<group>";
		};
		632A4AAF234295B300552017 /* ModelControllers */ = {
			isa = PBXGroup;
			children = (
				632A4AB32342AED500552017 /* UnsplashPhotoController.swift */,
				632A4AB52342AF8F00552017 /* UnsplashRoute.swift */,
			);
			path = ModelControllers;
			sourceTree = "<group>";
		};
		632A4AB0234295FF00552017 /* ViewControllers */ = {
			isa = PBXGroup;
			children = (
				632A4AB72342C14100552017 /* UnsplashTVC.swift */,
			);
			path = ViewControllers;
			sourceTree = "<group>";
		};
/* End PBXGroup section */

/* Begin PBXNativeTarget section */
		632A4A972342951B00552017 /* DummyProjectUnsplash */ = {
			isa = PBXNativeTarget;
			buildConfigurationList = 632A4AAA2342951C00552017 /* Build configuration list for PBXNativeTarget "DummyProjectUnsplash" */;
			buildPhases = (
				632A4A942342951B00552017 /* Sources */,
				632A4A952342951B00552017 /* Frameworks */,
				632A4A962342951B00552017 /* Resources */,
			);
			buildRules = (
			);
			dependencies = (
			);
			name = DummyProjectUnsplash;
			productName = DummyProjectUnsplash;
			productReference = 632A4A982342951B00552017 /* DummyProjectUnsplash.app */;
			productType = "com.apple.product-type.application";
		};
/* End PBXNativeTarget section */

/* Begin PBXProject section */
		632A4A902342951B00552017 /* Project object */ = {
			isa = PBXProject;
			attributes = {
				LastSwiftUpdateCheck = 1030;
				LastUpgradeCheck = 1030;
				ORGANIZATIONNAME = "Blake kvarfordt";
				TargetAttributes = {
					632A4A972342951B00552017 = {
						CreatedOnToolsVersion = 10.3;
					};
				};
			};
			buildConfigurationList = 632A4A932342951B00552017 /* Build configuration list for PBXProject "DummyProjectUnsplash" */;
			compatibilityVersion = "Xcode 9.3";
			developmentRegion = en;
			hasScannedForEncodings = 0;
			knownRegions = (
				en,
				Base,
			);
			mainGroup = 632A4A8F2342951B00552017;
			productRefGroup = 632A4A992342951B00552017 /* Products */;
			projectDirPath = "";
			projectRoot = "";
			targets = (
				632A4A972342951B00552017 /* DummyProjectUnsplash */,
			);
		};
/* End PBXProject section */

/* Begin PBXResourcesBuildPhase section */
		632A4A962342951B00552017 /* Resources */ = {
			isa = PBXResourcesBuildPhase;
			buildActionMask = 2147483647;
			files = (
				632A4AA62342951C00552017 /* LaunchScreen.storyboard in Resources */,
				632A4AA32342951C00552017 /* Assets.xcassets in Resources */,
				632A4AA12342951B00552017 /* Main.storyboard in Resources */,
			);
			runOnlyForDeploymentPostprocessing = 0;
		};
/* End PBXResourcesBuildPhase section */

/* Begin PBXSourcesBuildPhase section */
		632A4A942342951B00552017 /* Sources */ = {
			isa = PBXSourcesBuildPhase;
			buildActionMask = 2147483647;
			files = (
				632A4AB42342AED500552017 /* UnsplashPhotoController.swift in Sources */,
				632A4AB82342C14100552017 /* UnsplashTVC.swift in Sources */,
				632A4AB223429F2B00552017 /* UnsplashPhoto.swift in Sources */,
				632A4A9C2342951B00552017 /* AppDelegate.swift in Sources */,
				632A4AB62342AF8F00552017 /* UnsplashRoute.swift in Sources */,
			);
			runOnlyForDeploymentPostprocessing = 0;
		};
/* End PBXSourcesBuildPhase section */

/* Begin PBXVariantGroup section */
		632A4A9F2342951B00552017 /* Main.storyboard */ = {
			isa = PBXVariantGroup;
			children = (
				632A4AA02342951B00552017 /* Base */,
			);
			name = Main.storyboard;
			sourceTree = "<group>";
		};
		632A4AA42342951C00552017 /* LaunchScreen.storyboard */ = {
			isa = PBXVariantGroup;
			children = (
				632A4AA52342951C00552017 /* Base */,
			);
			name = LaunchScreen.storyboard;
			sourceTree = "<group>";
		};
/* End PBXVariantGroup section */

/* Begin XCBuildConfiguration section */
		632A4AA82342951C00552017 /* Debug */ = {
			isa = XCBuildConfiguration;
			buildSettings = {
				ALWAYS_SEARCH_USER_PATHS = NO;
				CLANG_ANALYZER_NONNULL = YES;
				CLANG_ANALYZER_NUMBER_OBJECT_CONVERSION = YES_AGGRESSIVE;
				CLANG_CXX_LANGUAGE_STANDARD = "gnu++14";
				CLANG_CXX_LIBRARY = "libc++";
				CLANG_ENABLE_MODULES = YES;
				CLANG_ENABLE_OBJC_ARC = YES;
				CLANG_ENABLE_OBJC_WEAK = YES;
				CLANG_WARN_BLOCK_CAPTURE_AUTORELEASING = YES;
				CLANG_WARN_BOOL_CONVERSION = YES;
				CLANG_WARN_COMMA = YES;
				CLANG_WARN_CONSTANT_CONVERSION = YES;
				CLANG_WARN_DEPRECATED_OBJC_IMPLEMENTATIONS = YES;
				CLANG_WARN_DIRECT_OBJC_ISA_USAGE = YES_ERROR;
				CLANG_WARN_DOCUMENTATION_COMMENTS = YES;
				CLANG_WARN_EMPTY_BODY = YES;
				CLANG_WARN_ENUM_CONVERSION = YES;
				CLANG_WARN_INFINITE_RECURSION = YES;
				CLANG_WARN_INT_CONVERSION = YES;
				CLANG_WARN_NON_LITERAL_NULL_CONVERSION = YES;
				CLANG_WARN_OBJC_IMPLICIT_RETAIN_SELF = YES;
				CLANG_WARN_OBJC_LITERAL_CONVERSION = YES;
				CLANG_WARN_OBJC_ROOT_CLASS = YES_ERROR;
				CLANG_WARN_RANGE_LOOP_ANALYSIS = YES;
				CLANG_WARN_STRICT_PROTOTYPES = YES;
				CLANG_WARN_SUSPICIOUS_MOVE = YES;
				CLANG_WARN_UNGUARDED_AVAILABILITY = YES_AGGRESSIVE;
				CLANG_WARN_UNREACHABLE_CODE = YES;
				CLANG_WARN__DUPLICATE_METHOD_MATCH = YES;
				CODE_SIGN_IDENTITY = "iPhone Developer";
				COPY_PHASE_STRIP = NO;
				DEBUG_INFORMATION_FORMAT = dwarf;
				ENABLE_STRICT_OBJC_MSGSEND = YES;
				ENABLE_TESTABILITY = YES;
				GCC_C_LANGUAGE_STANDARD = gnu11;
				GCC_DYNAMIC_NO_PIC = NO;
				GCC_NO_COMMON_BLOCKS = YES;
				GCC_OPTIMIZATION_LEVEL = 0;
				GCC_PREPROCESSOR_DEFINITIONS = (
					"DEBUG=1",
					"$(inherited)",
				);
				GCC_WARN_64_TO_32_BIT_CONVERSION = YES;
				GCC_WARN_ABOUT_RETURN_TYPE = YES_ERROR;
				GCC_WARN_UNDECLARED_SELECTOR = YES;
				GCC_WARN_UNINITIALIZED_AUTOS = YES_AGGRESSIVE;
				GCC_WARN_UNUSED_FUNCTION = YES;
				GCC_WARN_UNUSED_VARIABLE = YES;
				IPHONEOS_DEPLOYMENT_TARGET = 12.4;
				MTL_ENABLE_DEBUG_INFO = INCLUDE_SOURCE;
				MTL_FAST_MATH = YES;
				ONLY_ACTIVE_ARCH = YES;
				SDKROOT = iphoneos;
				SWIFT_ACTIVE_COMPILATION_CONDITIONS = DEBUG;
				SWIFT_OPTIMIZATION_LEVEL = "-Onone";
			};
			name = Debug;
		};
		632A4AA92342951C00552017 /* Release */ = {
			isa = XCBuildConfiguration;
			buildSettings = {
				ALWAYS_SEARCH_USER_PATHS = NO;
				CLANG_ANALYZER_NONNULL = YES;
				CLANG_ANALYZER_NUMBER_OBJECT_CONVERSION = YES_AGGRESSIVE;
				CLANG_CXX_LANGUAGE_STANDARD = "gnu++14";
				CLANG_CXX_LIBRARY = "libc++";
				CLANG_ENABLE_MODULES = YES;
				CLANG_ENABLE_OBJC_ARC = YES;
				CLANG_ENABLE_OBJC_WEAK = YES;
				CLANG_WARN_BLOCK_CAPTURE_AUTORELEASING = YES;
				CLANG_WARN_BOOL_CONVERSION = YES;
				CLANG_WARN_COMMA = YES;
				CLANG_WARN_CONSTANT_CONVERSION = YES;
				CLANG_WARN_DEPRECATED_OBJC_IMPLEMENTATIONS = YES;
				CLANG_WARN_DIRECT_OBJC_ISA_USAGE = YES_ERROR;
				CLANG_WARN_DOCUMENTATION_COMMENTS = YES;
				CLANG_WARN_EMPTY_BODY = YES;
				CLANG_WARN_ENUM_CONVERSION = YES;
				CLANG_WARN_INFINITE_RECURSION = YES;
				CLANG_WARN_INT_CONVERSION = YES;
				CLANG_WARN_NON_LITERAL_NULL_CONVERSION = YES;
				CLANG_WARN_OBJC_IMPLICIT_RETAIN_SELF = YES;
				CLANG_WARN_OBJC_LITERAL_CONVERSION = YES;
				CLANG_WARN_OBJC_ROOT_CLASS = YES_ERROR;
				CLANG_WARN_RANGE_LOOP_ANALYSIS = YES;
				CLANG_WARN_STRICT_PROTOTYPES = YES;
				CLANG_WARN_SUSPICIOUS_MOVE = YES;
				CLANG_WARN_UNGUARDED_AVAILABILITY = YES_AGGRESSIVE;
				CLANG_WARN_UNREACHABLE_CODE = YES;
				CLANG_WARN__DUPLICATE_METHOD_MATCH = YES;
				CODE_SIGN_IDENTITY = "iPhone Developer";
				COPY_PHASE_STRIP = NO;
				DEBUG_INFORMATION_FORMAT = "dwarf-with-dsym";
				ENABLE_NS_ASSERTIONS = NO;
				ENABLE_STRICT_OBJC_MSGSEND = YES;
				GCC_C_LANGUAGE_STANDARD = gnu11;
				GCC_NO_COMMON_BLOCKS = YES;
				GCC_WARN_64_TO_32_BIT_CONVERSION = YES;
				GCC_WARN_ABOUT_RETURN_TYPE = YES_ERROR;
				GCC_WARN_UNDECLARED_SELECTOR = YES;
				GCC_WARN_UNINITIALIZED_AUTOS = YES_AGGRESSIVE;
				GCC_WARN_UNUSED_FUNCTION = YES;
				GCC_WARN_UNUSED_VARIABLE = YES;
				IPHONEOS_DEPLOYMENT_TARGET = 12.4;
				MTL_ENABLE_DEBUG_INFO = NO;
				MTL_FAST_MATH = YES;
				SDKROOT = iphoneos;
				SWIFT_COMPILATION_MODE = wholemodule;
				SWIFT_OPTIMIZATION_LEVEL = "-O";
				VALIDATE_PRODUCT = YES;
			};
			name = Release;
		};
		632A4AAB2342951C00552017 /* Debug */ = {
			isa = XCBuildConfiguration;
			buildSettings = {
				ASSETCATALOG_COMPILER_APPICON_NAME = AppIcon;
				CODE_SIGN_STYLE = Automatic;
				DEVELOPMENT_TEAM = 83YG3ZQCH4;
				INFOPLIST_FILE = "$(SRCROOT)/DummyProjectUnsplash/Resources/Info.plist";
				LD_RUNPATH_SEARCH_PATHS = (
					"$(inherited)",
					"@executable_path/Frameworks",
				);
				PRODUCT_BUNDLE_IDENTIFIER = com.blakekvarfordt.DummyProjectUnsplash;
				PRODUCT_NAME = "$(TARGET_NAME)";
				SWIFT_VERSION = 5.0;
				TARGETED_DEVICE_FAMILY = "1,2";
			};
			name = Debug;
		};
		632A4AAC2342951C00552017 /* Release */ = {
			isa = XCBuildConfiguration;
			buildSettings = {
				ASSETCATALOG_COMPILER_APPICON_NAME = AppIcon;
				CODE_SIGN_STYLE = Automatic;
				DEVELOPMENT_TEAM = 83YG3ZQCH4;
				INFOPLIST_FILE = "$(SRCROOT)/DummyProjectUnsplash/Resources/Info.plist";
				LD_RUNPATH_SEARCH_PATHS = (
					"$(inherited)",
					"@executable_path/Frameworks",
				);
				PRODUCT_BUNDLE_IDENTIFIER = com.blakekvarfordt.DummyProjectUnsplash;
				PRODUCT_NAME = "$(TARGET_NAME)";
				SWIFT_VERSION = 5.0;
				TARGETED_DEVICE_FAMILY = "1,2";
			};
			name = Release;
		};
/* End XCBuildConfiguration section */

/* Begin XCConfigurationList section */
		632A4A932342951B00552017 /* Build configuration list for PBXProject "DummyProjectUnsplash" */ = {
			isa = XCConfigurationList;
			buildConfigurations = (
				632A4AA82342951C00552017 /* Debug */,
				632A4AA92342951C00552017 /* Release */,
			);
			defaultConfigurationIsVisible = 0;
			defaultConfigurationName = Release;
		};
		632A4AAA2342951C00552017 /* Build configuration list for PBXNativeTarget "DummyProjectUnsplash" */ = {
			isa = XCConfigurationList;
			buildConfigurations = (
				632A4AAB2342951C00552017 /* Debug */,
				632A4AAC2342951C00552017 /* Release */,
			);
			defaultConfigurationIsVisible = 0;
			defaultConfigurationName = Release;
		};
/* End XCConfigurationList section */
	};
	rootObject = 632A4A902342951B00552017 /* Project object */;
}
